// !$*UTF8*$!
{
	archiveVersion = 1;
	classes = {
	};
	objectVersion = 46;
	objects = {

/* Begin PBXBuildFile section */
		C0A198691D9B1C4B0015C1E6 /* AppDelegate.swift in Sources */ = {isa = PBXBuildFile; fileRef = C0A198681D9B1C4B0015C1E6 /* AppDelegate.swift */; };
		C0A1986B1D9B1C4B0015C1E6 /* ViewController.swift in Sources */ = {isa = PBXBuildFile; fileRef = C0A1986A1D9B1C4B0015C1E6 /* ViewController.swift */; };
		C0A1986E1D9B1C4B0015C1E6 /* Main.storyboard in Resources */ = {isa = PBXBuildFile; fileRef = C0A1986C1D9B1C4B0015C1E6 /* Main.storyboard */; };
		C0A198701D9B1C4B0015C1E6 /* Assets.xcassets in Resources */ = {isa = PBXBuildFile; fileRef = C0A1986F1D9B1C4B0015C1E6 /* Assets.xcassets */; };
		C0A198731D9B1C4B0015C1E6 /* LaunchScreen.storyboard in Resources */ = {isa = PBXBuildFile; fileRef = C0A198711D9B1C4B0015C1E6 /* LaunchScreen.storyboard */; };
		C0A1987E1D9B1C4C0015C1E6 /* SimonSaysTests.swift in Sources */ = {isa = PBXBuildFile; fileRef = C0A1987D1D9B1C4C0015C1E6 /* SimonSaysTests.swift */; };
		C0A198891D9B1C4C0015C1E6 /* SimonSaysUITests.swift in Sources */ = {isa = PBXBuildFile; fileRef = C0A198881D9B1C4C0015C1E6 /* SimonSaysUITests.swift */; };
/* End PBXBuildFile section */

/* Begin PBXContainerItemProxy section */
		C0A1987A1D9B1C4C0015C1E6 /* PBXContainerItemProxy */ = {
			isa = PBXContainerItemProxy;
			containerPortal = C0A1985D1D9B1C4B0015C1E6 /* Project object */;
			proxyType = 1;
			remoteGlobalIDString = C0A198641D9B1C4B0015C1E6;
			remoteInfo = SimonSays;
		};
		C0A198851D9B1C4C0015C1E6 /* PBXContainerItemProxy */ = {
			isa = PBXContainerItemProxy;
			containerPortal = C0A1985D1D9B1C4B0015C1E6 /* Project object */;
			proxyType = 1;
			remoteGlobalIDString = C0A198641D9B1C4B0015C1E6;
			remoteInfo = SimonSays;
		};
/* End PBXContainerItemProxy section */

/* Begin PBXFileReference section */
		C0A198651D9B1C4B0015C1E6 /* SimonSays.app */ = {isa = PBXFileReference; explicitFileType = wrapper.application; includeInIndex = 0; path = SimonSays.app; sourceTree = BUILT_PRODUCTS_DIR; };
		C0A198681D9B1C4B0015C1E6 /* AppDelegate.swift */ = {isa = PBXFileReference; lastKnownFileType = sourcecode.swift; path = AppDelegate.swift; sourceTree = "<group>"; };
		C0A1986A1D9B1C4B0015C1E6 /* ViewController.swift */ = {isa = PBXFileReference; lastKnownFileType = sourcecode.swift; path = ViewController.swift; sourceTree = "<group>"; };
		C0A1986D1D9B1C4B0015C1E6 /* Base */ = {isa = PBXFileReference; lastKnownFileType = file.storyboard; name = Base; path = Base.lproj/Main.storyboard; sourceTree = "<group>"; };
		C0A1986F1D9B1C4B0015C1E6 /* Assets.xcassets */ = {isa = PBXFileReference; lastKnownFileType = folder.assetcatalog; path = Assets.xcassets; sourceTree = "<group>"; };
		C0A198721D9B1C4B0015C1E6 /* Base */ = {isa = PBXFileReference; lastKnownFileType = file.storyboard; name = Base; path = Base.lproj/LaunchScreen.storyboard; sourceTree = "<group>"; };
		C0A198741D9B1C4B0015C1E6 /* Info.plist */ = {isa = PBXFileReference; lastKnownFileType = text.plist.xml; path = Info.plist; sourceTree = "<group>"; };
		C0A198791D9B1C4C0015C1E6 /* SimonSaysTests.xctest */ = {isa = PBXFileReference; explicitFileType = wrapper.cfbundle; includeInIndex = 0; path = SimonSaysTests.xctest; sourceTree = BUILT_PRODUCTS_DIR; };
		C0A1987D1D9B1C4C0015C1E6 /* SimonSaysTests.swift */ = {isa = PBXFileReference; lastKnownFileType = sourcecode.swift; path = SimonSaysTests.swift; sourceTree = "<group>"; };
		C0A1987F1D9B1C4C0015C1E6 /* Info.plist */ = {isa = PBXFileReference; lastKnownFileType = text.plist.xml; path = Info.plist; sourceTree = "<group>"; };
		C0A198841D9B1C4C0015C1E6 /* SimonSaysUITests.xctest */ = {isa = PBXFileReference; explicitFileType = wrapper.cfbundle; includeInIndex = 0; path = SimonSaysUITests.xctest; sourceTree = BUILT_PRODUCTS_DIR; };
		C0A198881D9B1C4C0015C1E6 /* SimonSaysUITests.swift */ = {isa = PBXFileReference; lastKnownFileType = sourcecode.swift; path = SimonSaysUITests.swift; sourceTree = "<group>"; };
		C0A1988A1D9B1C4C0015C1E6 /* Info.plist */ = {isa = PBXFileReference; lastKnownFileType = text.plist.xml; path = Info.plist; sourceTree = "<group>"; };
/* End PBXFileReference section */

/* Begin PBXFrameworksBuildPhase section */
		C0A198621D9B1C4B0015C1E6 /* Frameworks */ = {
			isa = PBXFrameworksBuildPhase;
			buildActionMask = 2147483647;
			files = (
			);
			runOnlyForDeploymentPostprocessing = 0;
		};
		C0A198761D9B1C4C0015C1E6 /* Frameworks */ = {
			isa = PBXFrameworksBuildPhase;
			buildActionMask = 2147483647;
			files = (
			);
			runOnlyForDeploymentPostprocessing = 0;
		};
		C0A198811D9B1C4C0015C1E6 /* Frameworks */ = {
			isa = PBXFrameworksBuildPhase;
			buildActionMask = 2147483647;
			files = (
			);
			runOnlyForDeploymentPostprocessing = 0;
		};
/* End PBXFrameworksBuildPhase section */

/* Begin PBXGroup section */
		C0A1985C1D9B1C4B0015C1E6 = {
			isa = PBXGroup;
			children = (
				C0A198671D9B1C4B0015C1E6 /* SimonSays */,
				C0A1987C1D9B1C4C0015C1E6 /* SimonSaysTests */,
				C0A198871D9B1C4C0015C1E6 /* SimonSaysUITests */,
				C0A198661D9B1C4B0015C1E6 /* Products */,
			);
			sourceTree = "<group>";
		};
		C0A198661D9B1C4B0015C1E6 /* Products */ = {
			isa = PBXGroup;
			children = (
				C0A198651D9B1C4B0015C1E6 /* SimonSays.app */,
				C0A198791D9B1C4C0015C1E6 /* SimonSaysTests.xctest */,
				C0A198841D9B1C4C0015C1E6 /* SimonSaysUITests.xctest */,
			);
			name = Products;
			sourceTree = "<group>";
		};
		C0A198671D9B1C4B0015C1E6 /* SimonSays */ = {
			isa = PBXGroup;
			children = (
				C0A198681D9B1C4B0015C1E6 /* AppDelegate.swift */,
				C0A1986A1D9B1C4B0015C1E6 /* ViewController.swift */,
				C0A1986C1D9B1C4B0015C1E6 /* Main.storyboard */,
				C0A1986F1D9B1C4B0015C1E6 /* Assets.xcassets */,
				C0A198711D9B1C4B0015C1E6 /* LaunchScreen.storyboard */,
				C0A198741D9B1C4B0015C1E6 /* Info.plist */,
			);
			path = SimonSays;
			sourceTree = "<group>";
		};
		C0A1987C1D9B1C4C0015C1E6 /* SimonSaysTests */ = {
			isa = PBXGroup;
			children = (
				C0A1987D1D9B1C4C0015C1E6 /* SimonSaysTests.swift */,
				C0A1987F1D9B1C4C0015C1E6 /* Info.plist */,
			);
			path = SimonSaysTests;
			sourceTree = "<group>";
		};
		C0A198871D9B1C4C0015C1E6 /* SimonSaysUITests */ = {
			isa = PBXGroup;
			children = (
				C0A198881D9B1C4C0015C1E6 /* SimonSaysUITests.swift */,
				C0A1988A1D9B1C4C0015C1E6 /* Info.plist */,
			);
			path = SimonSaysUITests;
			sourceTree = "<group>";
		};
/* End PBXGroup section */

/* Begin PBXNativeTarget section */
		C0A198641D9B1C4B0015C1E6 /* SimonSays */ = {
			isa = PBXNativeTarget;
			buildConfigurationList = C0A1988D1D9B1C4C0015C1E6 /* Build configuration list for PBXNativeTarget "SimonSays" */;
			buildPhases = (
				C0A198611D9B1C4B0015C1E6 /* Sources */,
				C0A198621D9B1C4B0015C1E6 /* Frameworks */,
				C0A198631D9B1C4B0015C1E6 /* Resources */,
			);
			buildRules = (
			);
			dependencies = (
			);
			name = SimonSays;
			productName = SimonSays;
			productReference = C0A198651D9B1C4B0015C1E6 /* SimonSays.app */;
			productType = "com.apple.product-type.application";
		};
		C0A198781D9B1C4C0015C1E6 /* SimonSaysTests */ = {
			isa = PBXNativeTarget;
			buildConfigurationList = C0A198901D9B1C4C0015C1E6 /* Build configuration list for PBXNativeTarget "SimonSaysTests" */;
			buildPhases = (
				C0A198751D9B1C4C0015C1E6 /* Sources */,
				C0A198761D9B1C4C0015C1E6 /* Frameworks */,
				C0A198771D9B1C4C0015C1E6 /* Resources */,
			);
			buildRules = (
			);
			dependencies = (
				C0A1987B1D9B1C4C0015C1E6 /* PBXTargetDependency */,
			);
			name = SimonSaysTests;
			productName = SimonSaysTests;
			productReference = C0A198791D9B1C4C0015C1E6 /* SimonSaysTests.xctest */;
			productType = "com.apple.product-type.bundle.unit-test";
		};
		C0A198831D9B1C4C0015C1E6 /* SimonSaysUITests */ = {
			isa = PBXNativeTarget;
			buildConfigurationList = C0A198931D9B1C4C0015C1E6 /* Build configuration list for PBXNativeTarget "SimonSaysUITests" */;
			buildPhases = (
				C0A198801D9B1C4C0015C1E6 /* Sources */,
				C0A198811D9B1C4C0015C1E6 /* Frameworks */,
				C0A198821D9B1C4C0015C1E6 /* Resources */,
			);
			buildRules = (
			);
			dependencies = (
				C0A198861D9B1C4C0015C1E6 /* PBXTargetDependency */,
			);
			name = SimonSaysUITests;
			productName = SimonSaysUITests;
			productReference = C0A198841D9B1C4C0015C1E6 /* SimonSaysUITests.xctest */;
			productType = "com.apple.product-type.bundle.ui-testing";
		};
/* End PBXNativeTarget section */

/* Begin PBXProject section */
		C0A1985D1D9B1C4B0015C1E6 /* Project object */ = {
			isa = PBXProject;
			attributes = {
				LastSwiftUpdateCheck = 0800;
				LastUpgradeCheck = 0800;
				ORGANIZATIONNAME = "Paul Tangen";
				TargetAttributes = {
					C0A198641D9B1C4B0015C1E6 = {
						CreatedOnToolsVersion = 8.0;
						ProvisioningStyle = Automatic;
					};
					C0A198781D9B1C4C0015C1E6 = {
						CreatedOnToolsVersion = 8.0;
						ProvisioningStyle = Automatic;
						TestTargetID = C0A198641D9B1C4B0015C1E6;
					};
					C0A198831D9B1C4C0015C1E6 = {
						CreatedOnToolsVersion = 8.0;
						ProvisioningStyle = Automatic;
						TestTargetID = C0A198641D9B1C4B0015C1E6;
					};
				};
			};
			buildConfigurationList = C0A198601D9B1C4B0015C1E6 /* Build configuration list for PBXProject "SimonSays" */;
			compatibilityVersion = "Xcode 3.2";
			developmentRegion = English;
			hasScannedForEncodings = 0;
			knownRegions = (
				en,
				Base,
			);
			mainGroup = C0A1985C1D9B1C4B0015C1E6;
			productRefGroup = C0A198661D9B1C4B0015C1E6 /* Products */;
			projectDirPath = "";
			projectRoot = "";
			targets = (
				C0A198641D9B1C4B0015C1E6 /* SimonSays */,
				C0A198781D9B1C4C0015C1E6 /* SimonSaysTests */,
				C0A198831D9B1C4C0015C1E6 /* SimonSaysUITests */,
			);
		};
/* End PBXProject section */

/* Begin PBXResourcesBuildPhase section */
		C0A198631D9B1C4B0015C1E6 /* Resources */ = {
			isa = PBXResourcesBuildPhase;
			buildActionMask = 2147483647;
			files = (
				C0A198731D9B1C4B0015C1E6 /* LaunchScreen.storyboard in Resources */,
				C0A198701D9B1C4B0015C1E6 /* Assets.xcassets in Resources */,
				C0A1986E1D9B1C4B0015C1E6 /* Main.storyboard in Resources */,
			);
			runOnlyForDeploymentPostprocessing = 0;
		};
		C0A198771D9B1C4C0015C1E6 /* Resources */ = {
			isa = PBXResourcesBuildPhase;
			buildActionMask = 2147483647;
			files = (
			);
			runOnlyForDeploymentPostprocessing = 0;
		};
		C0A198821D9B1C4C0015C1E6 /* Resources */ = {
			isa = PBXResourcesBuildPhase;
			buildActionMask = 2147483647;
			files = (
			);
			runOnlyForDeploymentPostprocessing = 0;
		};
/* End PBXResourcesBuildPhase section */

/* Begin PBXSourcesBuildPhase section */
		C0A198611D9B1C4B0015C1E6 /* Sources */ = {
			isa = PBXSourcesBuildPhase;
			buildActionMask = 2147483647;
			files = (
				C0A1986B1D9B1C4B0015C1E6 /* ViewController.swift in Sources */,
				C0A198691D9B1C4B0015C1E6 /* AppDelegate.swift in Sources */,
			);
			runOnlyForDeploymentPostprocessing = 0;
		};
		C0A198751D9B1C4C0015C1E6 /* Sources */ = {
			isa = PBXSourcesBuildPhase;
			buildActionMask = 2147483647;
			files = (
				C0A1987E1D9B1C4C0015C1E6 /* SimonSaysTests.swift in Sources */,
			);
			runOnlyForDeploymentPostprocessing = 0;
		};
		C0A198801D9B1C4C0015C1E6 /* Sources */ = {
			isa = PBXSourcesBuildPhase;
			buildActionMask = 2147483647;
			files = (
				C0A198891D9B1C4C0015C1E6 /* SimonSaysUITests.swift in Sources */,
			);
			runOnlyForDeploymentPostprocessing = 0;
		};
/* End PBXSourcesBuildPhase section */

/* Begin PBXTargetDependency section */
		C0A1987B1D9B1C4C0015C1E6 /* PBXTargetDependency */ = {
			isa = PBXTargetDependency;
			target = C0A198641D9B1C4B0015C1E6 /* SimonSays */;
			targetProxy = C0A1987A1D9B1C4C0015C1E6 /* PBXContainerItemProxy */;
		};
		C0A198861D9B1C4C0015C1E6 /* PBXTargetDependency */ = {
			isa = PBXTargetDependency;
			target = C0A198641D9B1C4B0015C1E6 /* SimonSays */;
			targetProxy = C0A198851D9B1C4C0015C1E6 /* PBXContainerItemProxy */;
		};
/* End PBXTargetDependency section */

/* Begin PBXVariantGroup section */
		C0A1986C1D9B1C4B0015C1E6 /* Main.storyboard */ = {
			isa = PBXVariantGroup;
			children = (
				C0A1986D1D9B1C4B0015C1E6 /* Base */,
			);
			name = Main.storyboard;
			sourceTree = "<group>";
		};
		C0A198711D9B1C4B0015C1E6 /* LaunchScreen.storyboard */ = {
			isa = PBXVariantGroup;
			children = (
				C0A198721D9B1C4B0015C1E6 /* Base */,
			);
			name = LaunchScreen.storyboard;
			sourceTree = "<group>";
		};
/* End PBXVariantGroup section */

/* Begin XCBuildConfiguration section */
		C0A1988B1D9B1C4C0015C1E6 /* Debug */ = {
			isa = XCBuildConfiguration;
			buildSettings = {
				ALWAYS_SEARCH_USER_PATHS = NO;
				CLANG_ANALYZER_NONNULL = YES;
				CLANG_CXX_LANGUAGE_STANDARD = "gnu++0x";
				CLANG_CXX_LIBRARY = "libc++";
				CLANG_ENABLE_MODULES = YES;
				CLANG_ENABLE_OBJC_ARC = YES;
				CLANG_WARN_BOOL_CONVERSION = YES;
				CLANG_WARN_CONSTANT_CONVERSION = YES;
				CLANG_WARN_DIRECT_OBJC_ISA_USAGE = YES_ERROR;
				CLANG_WARN_DOCUMENTATION_COMMENTS = YES;
				CLANG_WARN_EMPTY_BODY = YES;
				CLANG_WARN_ENUM_CONVERSION = YES;
				CLANG_WARN_INFINITE_RECURSION = YES;
				CLANG_WARN_INT_CONVERSION = YES;
				CLANG_WARN_OBJC_ROOT_CLASS = YES_ERROR;
				CLANG_WARN_SUSPICIOUS_MOVES = YES;
				CLANG_WARN_UNREACHABLE_CODE = YES;
				CLANG_WARN__DUPLICATE_METHOD_MATCH = YES;
				"CODE_SIGN_IDENTITY[sdk=iphoneos*]" = "iPhone Developer";
				COPY_PHASE_STRIP = NO;
				DEBUG_INFORMATION_FORMAT = dwarf;
				ENABLE_STRICT_OBJC_MSGSEND = YES;
				ENABLE_TESTABILITY = YES;
				GCC_C_LANGUAGE_STANDARD = gnu99;
				GCC_DYNAMIC_NO_PIC = NO;
				GCC_NO_COMMON_BLOCKS = YES;
				GCC_OPTIMIZATION_LEVEL = 0;
				GCC_PREPROCESSOR_DEFINITIONS = (
					"DEBUG=1",
					"$(inherited)",
				);
				GCC_WARN_64_TO_32_BIT_CONVERSION = YES;
				GCC_WARN_ABOUT_RETURN_TYPE = YES_ERROR;
				GCC_WARN_UNDECLARED_SELECTOR = YES;
				GCC_WARN_UNINITIALIZED_AUTOS = YES_AGGRESSIVE;
				GCC_WARN_UNUSED_FUNCTION = YES;
				GCC_WARN_UNUSED_VARIABLE = YES;
				IPHONEOS_DEPLOYMENT_TARGET = 10.0;
				MTL_ENABLE_DEBUG_INFO = YES;
				ONLY_ACTIVE_ARCH = YES;
				SDKROOT = iphoneos;
				SWIFT_ACTIVE_COMPILATION_CONDITIONS = DEBUG;
				SWIFT_OPTIMIZATION_LEVEL = "-Onone";
			};
			name = Debug;
		};
		C0A1988C1D9B1C4C0015C1E6 /* Release */ = {
			isa = XCBuildConfiguration;
			buildSettings = {
				ALWAYS_SEARCH_USER_PATHS = NO;
				CLANG_ANALYZER_NONNULL = YES;
				CLANG_CXX_LANGUAGE_STANDARD = "gnu++0x";
				CLANG_CXX_LIBRARY = "libc++";
				CLANG_ENABLE_MODULES = YES;
				CLANG_ENABLE_OBJC_ARC = YES;
				CLANG_WARN_BOOL_CONVERSION = YES;
				CLANG_WARN_CONSTANT_CONVERSION = YES;
				CLANG_WARN_DIRECT_OBJC_ISA_USAGE = YES_ERROR;
				CLANG_WARN_DOCUMENTATION_COMMENTS = YES;
				CLANG_WARN_EMPTY_BODY = YES;
				CLANG_WARN_ENUM_CONVERSION = YES;
				CLANG_WARN_INFINITE_RECURSION = YES;
				CLANG_WARN_INT_CONVERSION = YES;
				CLANG_WARN_OBJC_ROOT_CLASS = YES_ERROR;
				CLANG_WARN_SUSPICIOUS_MOVES = YES;
				CLANG_WARN_UNREACHABLE_CODE = YES;
				CLANG_WARN__DUPLICATE_METHOD_MATCH = YES;
				"CODE_SIGN_IDENTITY[sdk=iphoneos*]" = "iPhone Developer";
				COPY_PHASE_STRIP = NO;
				DEBUG_INFORMATION_FORMAT = "dwarf-with-dsym";
				ENABLE_NS_ASSERTIONS = NO;
				ENABLE_STRICT_OBJC_MSGSEND = YES;
				GCC_C_LANGUAGE_STANDARD = gnu99;
				GCC_NO_COMMON_BLOCKS = YES;
				GCC_WARN_64_TO_32_BIT_CONVERSION = YES;
				GCC_WARN_ABOUT_RETURN_TYPE = YES_ERROR;
				GCC_WARN_UNDECLARED_SELECTOR = YES;
				GCC_WARN_UNINITIALIZED_AUTOS = YES_AGGRESSIVE;
				GCC_WARN_UNUSED_FUNCTION = YES;
				GCC_WARN_UNUSED_VARIABLE = YES;
				IPHONEOS_DEPLOYMENT_TARGET = 10.0;
				MTL_ENABLE_DEBUG_INFO = NO;
				SDKROOT = iphoneos;
				SWIFT_OPTIMIZATION_LEVEL = "-Owholemodule";
				VALIDATE_PRODUCT = YES;
			};
			name = Release;
		};
		C0A1988E1D9B1C4C0015C1E6 /* Debug */ = {
			isa = XCBuildConfiguration;
			buildSettings = {
				ASSETCATALOG_COMPILER_APPICON_NAME = AppIcon;
				INFOPLIST_FILE = SimonSays/Info.plist;
				LD_RUNPATH_SEARCH_PATHS = "$(inherited) @executable_path/Frameworks";
				PRODUCT_BUNDLE_IDENTIFIER = ptangen.com.SimonSays;
				PRODUCT_NAME = "$(TARGET_NAME)";
				SWIFT_VERSION = 3.0;
			};
			name = Debug;
		};
		C0A1988F1D9B1C4C0015C1E6 /* Release */ = {
			isa = XCBuildConfiguration;
			buildSettings = {
				ASSETCATALOG_COMPILER_APPICON_NAME = AppIcon;
				INFOPLIST_FILE = SimonSays/Info.plist;
				LD_RUNPATH_SEARCH_PATHS = "$(inherited) @executable_path/Frameworks";
				PRODUCT_BUNDLE_IDENTIFIER = ptangen.com.SimonSays;
				PRODUCT_NAME = "$(TARGET_NAME)";
				SWIFT_VERSION = 3.0;
			};
			name = Release;
		};
		C0A198911D9B1C4C0015C1E6 /* Debug */ = {
			isa = XCBuildConfiguration;
			buildSettings = {
				ALWAYS_EMBED_SWIFT_STANDARD_LIBRARIES = YES;
				BUNDLE_LOADER = "$(TEST_HOST)";
				INFOPLIST_FILE = SimonSaysTests/Info.plist;
				LD_RUNPATH_SEARCH_PATHS = "$(inherited) @executable_path/Frameworks @loader_path/Frameworks";
				PRODUCT_BUNDLE_IDENTIFIER = ptangen.com.SimonSaysTests;
				PRODUCT_NAME = "$(TARGET_NAME)";
				SWIFT_VERSION = 3.0;
				TEST_HOST = "$(BUILT_PRODUCTS_DIR)/SimonSays.app/SimonSays";
			};
			name = Debug;
		};
		C0A198921D9B1C4C0015C1E6 /* Release */ = {
			isa = XCBuildConfiguration;
			buildSettings = {
				ALWAYS_EMBED_SWIFT_STANDARD_LIBRARIES = YES;
				BUNDLE_LOADER = "$(TEST_HOST)";
				INFOPLIST_FILE = SimonSaysTests/Info.plist;
				LD_RUNPATH_SEARCH_PATHS = "$(inherited) @executable_path/Frameworks @loader_path/Frameworks";
				PRODUCT_BUNDLE_IDENTIFIER = ptangen.com.SimonSaysTests;
				PRODUCT_NAME = "$(TARGET_NAME)";
				SWIFT_VERSION = 3.0;
				TEST_HOST = "$(BUILT_PRODUCTS_DIR)/SimonSays.app/SimonSays";
			};
			name = Release;
		};
		C0A198941D9B1C4C0015C1E6 /* Debug */ = {
			isa = XCBuildConfiguration;
			buildSettings = {
				ALWAYS_EMBED_SWIFT_STANDARD_LIBRARIES = YES;
				INFOPLIST_FILE = SimonSaysUITests/Info.plist;
				LD_RUNPATH_SEARCH_PATHS = "$(inherited) @executable_path/Frameworks @loader_path/Frameworks";
				PRODUCT_BUNDLE_IDENTIFIER = ptangen.com.SimonSaysUITests;
				PRODUCT_NAME = "$(TARGET_NAME)";
				SWIFT_VERSION = 3.0;
				TEST_TARGET_NAME = SimonSays;
			};
			name = Debug;
		};
		C0A198951D9B1C4C0015C1E6 /* Release */ = {
			isa = XCBuildConfiguration;
			buildSettings = {
				ALWAYS_EMBED_SWIFT_STANDARD_LIBRARIES = YES;
				INFOPLIST_FILE = SimonSaysUITests/Info.plist;
				LD_RUNPATH_SEARCH_PATHS = "$(inherited) @executable_path/Frameworks @loader_path/Frameworks";
				PRODUCT_BUNDLE_IDENTIFIER = ptangen.com.SimonSaysUITests;
				PRODUCT_NAME = "$(TARGET_NAME)";
				SWIFT_VERSION = 3.0;
				TEST_TARGET_NAME = SimonSays;
			};
			name = Release;
		};
/* End XCBuildConfiguration section */

/* Begin XCConfigurationList section */
		C0A198601D9B1C4B0015C1E6 /* Build configuration list for PBXProject "SimonSays" */ = {
			isa = XCConfigurationList;
			buildConfigurations = (
				C0A1988B1D9B1C4C0015C1E6 /* Debug */,
				C0A1988C1D9B1C4C0015C1E6 /* Release */,
			);
			defaultConfigurationIsVisible = 0;
			defaultConfigurationName = Release;
		};
		C0A1988D1D9B1C4C0015C1E6 /* Build configuration list for PBXNativeTarget "SimonSays" */ = {
			isa = XCConfigurationList;
			buildConfigurations = (
				C0A1988E1D9B1C4C0015C1E6 /* Debug */,
				C0A1988F1D9B1C4C0015C1E6 /* Release */,
			);
			defaultConfigurationIsVisible = 0;
		};
		C0A198901D9B1C4C0015C1E6 /* Build configuration list for PBXNativeTarget "SimonSaysTests" */ = {
			isa = XCConfigurationList;
			buildConfigurations = (
				C0A198911D9B1C4C0015C1E6 /* Debug */,
				C0A198921D9B1C4C0015C1E6 /* Release */,
			);
			defaultConfigurationIsVisible = 0;
		};
		C0A198931D9B1C4C0015C1E6 /* Build configuration list for PBXNativeTarget "SimonSaysUITests" */ = {
			isa = XCConfigurationList;
			buildConfigurations = (
				C0A198941D9B1C4C0015C1E6 /* Debug */,
				C0A198951D9B1C4C0015C1E6 /* Release */,
			);
			defaultConfigurationIsVisible = 0;
		};
/* End XCConfigurationList section */
	};
	rootObject = C0A1985D1D9B1C4B0015C1E6 /* Project object */;
}
